
Microsoft Visual Studio Solution File, Format Version 12.00
# Visual Studio Version 16
VisualStudioVersion = 16.0.29519.87
MinimumVisualStudioVersion = 10.0.40219.1
Project("{9A19103F-16F7-4668-BE54-9A1E7A4F7556}") = "LibreriasJuego", "LibreriasJuego\LibreriasJuego.csproj", "{5CFEAC6A-D12F-439A-80A5-A92DCD6987FB}"
EndProject
Project("{9A19103F-16F7-4668-BE54-9A1E7A4F7556}") = "PruebasLibreria", "PruebasLibreria\PruebasLibreria.csproj", "{2990D59C-9B85-458F-A947-0C13BE6C17BC}"
	ProjectSection(ProjectDependencies) = postProject
		{5CFEAC6A-D12F-439A-80A5-A92DCD6987FB} = {5CFEAC6A-D12F-439A-80A5-A92DCD6987FB}
	EndProjectSection
EndProject
Project("{9A19103F-16F7-4668-BE54-9A1E7A4F7556}") = "InterfazJuegoCore", "InterfazJuegoCore\InterfazJuegoCore.csproj", "{10047E1F-6DC6-4CCF-8725-9DC387A8A5BC}"
EndProject
Project("{9A19103F-16F7-4668-BE54-9A1E7A4F7556}") = "InterfazLibreria", "InterfazLibreria\InterfazLibreria.csproj", "{001DEC4B-0284-47EE-AD9F-BB7517206175}"
EndProject
Project("{9A19103F-16F7-4668-BE54-9A1E7A4F7556}") = "BaseDatosJugadoresFichero", "BaseDatosJugadoresFichero\BaseDatosJugadoresFichero.csproj", "{1B6D517D-E813-4B09-AC90-5CF3811DE127}"
EndProject
Project("{9A19103F-16F7-4668-BE54-9A1E7A4F7556}") = "BaseDatosGeograficaFichero", "BaseDatosGeograficaFichero\BaseDatosGeograficaFichero.csproj", "{E512C603-2F75-4D37-A361-D4FA232820E6}"
EndProject
Project("{FAE04EC0-301F-11D3-BF4B-00C04F79EFBC}") = "BaseDatosGeograficaWSCliente", "BaseDatosGeograficaWSCliente\BaseDatosGeograficaWSCliente.csproj", "{86574D51-336F-42EA-BFD0-1973A77FD165}"
EndProject
Global
	GlobalSection(SolutionConfigurationPlatforms) = preSolution
		Debug|Any CPU = Debug|Any CPU
		Release|Any CPU = Release|Any CPU
	EndGlobalSection
	GlobalSection(ProjectConfigurationPlatforms) = postSolution
		{5CFEAC6A-D12F-439A-80A5-A92DCD6987FB}.Debug|Any CPU.ActiveCfg = Debug|Any CPU
		{5CFEAC6A-D12F-439A-80A5-A92DCD6987FB}.Debug|Any CPU.Build.0 = Debug|Any CPU
		{5CFEAC6A-D12F-439A-80A5-A92DCD6987FB}.Release|Any CPU.ActiveCfg = Release|Any CPU
		{5CFEAC6A-D12F-439A-80A5-A92DCD6987FB}.Release|Any CPU.Build.0 = Release|Any CPU
		{2990D59C-9B85-458F-A947-0C13BE6C17BC}.Debug|Any CPU.ActiveCfg = Debug|Any CPU
		{2990D59C-9B85-458F-A947-0C13BE6C17BC}.Debug|Any CPU.Build.0 = Debug|Any CPU
		{2990D59C-9B85-458F-A947-0C13BE6C17BC}.Release|Any CPU.ActiveCfg = Release|Any CPU
		{2990D59C-9B85-458F-A947-0C13BE6C17BC}.Release|Any CPU.Build.0 = Release|Any CPU
		{10047E1F-6DC6-4CCF-8725-9DC387A8A5BC}.Debug|Any CPU.ActiveCfg = Debug|Any CPU
		{10047E1F-6DC6-4CCF-8725-9DC387A8A5BC}.Debug|Any CPU.Build.0 = Debug|Any CPU
		{10047E1F-6DC6-4CCF-8725-9DC387A8A5BC}.Release|Any CPU.ActiveCfg = Release|Any CPU
		{10047E1F-6DC6-4CCF-8725-9DC387A8A5BC}.Release|Any CPU.Build.0 = Release|Any CPU
		{001DEC4B-0284-47EE-AD9F-BB7517206175}.Debug|Any CPU.ActiveCfg = Debug|Any CPU
		{001DEC4B-0284-47EE-AD9F-BB7517206175}.Debug|Any CPU.Build.0 = Debug|Any CPU
		{001DEC4B-0284-47EE-AD9F-BB7517206175}.Release|Any CPU.ActiveCfg = Release|Any CPU
		{001DEC4B-0284-47EE-AD9F-BB7517206175}.Release|Any CPU.Build.0 = Release|Any CPU
		{1B6D517D-E813-4B09-AC90-5CF3811DE127}.Debug|Any CPU.ActiveCfg = Debug|Any CPU
		{1B6D517D-E813-4B09-AC90-5CF3811DE127}.Debug|Any CPU.Build.0 = Debug|Any CPU
		{1B6D517D-E813-4B09-AC90-5CF3811DE127}.Release|Any CPU.ActiveCfg = Release|Any CPU
		{1B6D517D-E813-4B09-AC90-5CF3811DE127}.Release|Any CPU.Build.0 = Release|Any CPU
		{E512C603-2F75-4D37-A361-D4FA232820E6}.Debug|Any CPU.ActiveCfg = Debug|Any CPU
		{E512C603-2F75-4D37-A361-D4FA232820E6}.Debug|Any CPU.Build.0 = Debug|Any CPU
		{E512C603-2F75-4D37-A361-D4FA232820E6}.Release|Any CPU.ActiveCfg = Release|Any CPU
		{E512C603-2F75-4D37-A361-D4FA232820E6}.Release|Any CPU.Build.0 = Release|Any CPU
		{86574D51-336F-42EA-BFD0-1973A77FD165}.Debug|Any CPU.ActiveCfg = Debug|Any CPU
		{86574D51-336F-42EA-BFD0-1973A77FD165}.Debug|Any CPU.Build.0 = Debug|Any CPU
		{86574D51-336F-42EA-BFD0-1973A77FD165}.Release|Any CPU.ActiveCfg = Release|Any CPU
		{86574D51-336F-42EA-BFD0-1973A77FD165}.Release|Any CPU.Build.0 = Release|Any CPU
	EndGlobalSection
	GlobalSection(SolutionProperties) = preSolution
		HideSolutionNode = FALSE
	EndGlobalSection
	GlobalSection(ExtensibilityGlobals) = postSolution
		SolutionGuid = {71B1AC6E-FA7B-4F0A-AA18-9984F337C248}
	EndGlobalSection
EndGlobal
